// !$*UTF8*$!
{
	archiveVersion = 1;
	classes = {
	};
	objectVersion = 46;
	objects = {

/* Begin PBXBuildFile section */
		4D04E2E7147E7695007CB190 /* Settings.bundle in Resources */ = {isa = PBXBuildFile; fileRef = 4D04E2E6147E7695007CB190 /* Settings.bundle */; };
		4D0A96AF14939616000B74FC /* ovmsStatusViewControllerPad.m in Sources */ = {isa = PBXBuildFile; fileRef = 4D0A96AE14939616000B74FC /* ovmsStatusViewControllerPad.m */; };
		4D10FCF3147BC9AA0092FAF9 /* GCDAsyncSocket.m in Sources */ = {isa = PBXBuildFile; fileRef = 4D10FCF2147BC9AA0092FAF9 /* GCDAsyncSocket.m */; };
		4D10FCF5147BCA0C0092FAF9 /* CFNetwork.framework in Frameworks */ = {isa = PBXBuildFile; fileRef = 4D10FCF4147BCA0B0092FAF9 /* CFNetwork.framework */; };
		4D10FCF7147BCACD0092FAF9 /* Security.framework in Frameworks */ = {isa = PBXBuildFile; fileRef = 4D10FCF6147BCACD0092FAF9 /* Security.framework */; };
		4D16EF32148747EC004A80AE /* JHNotificationManager.m in Sources */ = {isa = PBXBuildFile; fileRef = 4D16EF31148747EC004A80AE /* JHNotificationManager.m */; };
		4D16EF3514874AE7004A80AE /* notification_background.png in Resources */ = {isa = PBXBuildFile; fileRef = 4D16EF3414874AE7004A80AE /* notification_background.png */; };
		4D5AE36914733757002F5F52 /* UIKit.framework in Frameworks */ = {isa = PBXBuildFile; fileRef = 4D5AE36814733757002F5F52 /* UIKit.framework */; };
		4D5AE36B14733757002F5F52 /* Foundation.framework in Frameworks */ = {isa = PBXBuildFile; fileRef = 4D5AE36A14733757002F5F52 /* Foundation.framework */; };
		4D5AE36D14733757002F5F52 /* CoreGraphics.framework in Frameworks */ = {isa = PBXBuildFile; fileRef = 4D5AE36C14733757002F5F52 /* CoreGraphics.framework */; };
		4D5AE37314733757002F5F52 /* InfoPlist.strings in Resources */ = {isa = PBXBuildFile; fileRef = 4D5AE37114733757002F5F52 /* InfoPlist.strings */; };
		4D5AE37514733757002F5F52 /* main.m in Sources */ = {isa = PBXBuildFile; fileRef = 4D5AE37414733757002F5F52 /* main.m */; };
		4D5AE37914733758002F5F52 /* ovmsAppDelegate.m in Sources */ = {isa = PBXBuildFile; fileRef = 4D5AE37814733758002F5F52 /* ovmsAppDelegate.m */; };
		4D5AE37C14733758002F5F52 /* MainStoryboard_iPhone.storyboard in Resources */ = {isa = PBXBuildFile; fileRef = 4D5AE37A14733758002F5F52 /* MainStoryboard_iPhone.storyboard */; };
		4D5AE37F14733758002F5F52 /* MainStoryboard_iPad.storyboard in Resources */ = {isa = PBXBuildFile; fileRef = 4D5AE37D14733758002F5F52 /* MainStoryboard_iPad.storyboard */; };
		4D5AE38414733758002F5F52 /* first.png in Resources */ = {isa = PBXBuildFile; fileRef = 4D5AE38314733758002F5F52 /* first.png */; };
		4D5AE38614733758002F5F52 /* first@2x.png in Resources */ = {isa = PBXBuildFile; fileRef = 4D5AE38514733758002F5F52 /* first@2x.png */; };
		4D5AE38B14733758002F5F52 /* second.png in Resources */ = {isa = PBXBuildFile; fileRef = 4D5AE38A14733758002F5F52 /* second.png */; };
		4D5AE38D14733758002F5F52 /* second@2x.png in Resources */ = {isa = PBXBuildFile; fileRef = 4D5AE38C14733758002F5F52 /* second@2x.png */; };
		4D5AE39514733758002F5F52 /* SenTestingKit.framework in Frameworks */ = {isa = PBXBuildFile; fileRef = 4D5AE39414733758002F5F52 /* SenTestingKit.framework */; };
		4D5AE39614733758002F5F52 /* UIKit.framework in Frameworks */ = {isa = PBXBuildFile; fileRef = 4D5AE36814733757002F5F52 /* UIKit.framework */; };
		4D5AE39714733758002F5F52 /* Foundation.framework in Frameworks */ = {isa = PBXBuildFile; fileRef = 4D5AE36A14733757002F5F52 /* Foundation.framework */; };
		4D5AE39F14733758002F5F52 /* InfoPlist.strings in Resources */ = {isa = PBXBuildFile; fileRef = 4D5AE39D14733758002F5F52 /* InfoPlist.strings */; };
		4D5AE3A214733758002F5F52 /* ovmsTests.m in Sources */ = {isa = PBXBuildFile; fileRef = 4D5AE3A114733758002F5F52 /* ovmsTests.m */; };
		4D6734B21497891E00F7919F /* roadster_outline_tr.png in Resources */ = {isa = PBXBuildFile; fileRef = 4D6734B11497891E00F7919F /* roadster_outline_tr.png */; };
		4D6734B41497893F00F7919F /* roadster_outline_rd.png in Resources */ = {isa = PBXBuildFile; fileRef = 4D6734B31497893F00F7919F /* roadster_outline_rd.png */; };
		4D6734B61497895700F7919F /* roadster_outline_ld.png in Resources */ = {isa = PBXBuildFile; fileRef = 4D6734B51497895700F7919F /* roadster_outline_ld.png */; };
		4D6734B81497896B00F7919F /* roadster_outline_hd.png in Resources */ = {isa = PBXBuildFile; fileRef = 4D6734B71497896B00F7919F /* roadster_outline_hd.png */; };
		4D6734BA1497898100F7919F /* roadster_outline_cp.png in Resources */ = {isa = PBXBuildFile; fileRef = 4D6734B91497898100F7919F /* roadster_outline_cp.png */; };
		4D6734BC1497898A00F7919F /* roadster_outline_ce.png in Resources */ = {isa = PBXBuildFile; fileRef = 4D6734BB1497898A00F7919F /* roadster_outline_ce.png */; };
		4D6734C01497927500F7919F /* roadster_outline.png in Resources */ = {isa = PBXBuildFile; fileRef = 4D6734BF1497927400F7919F /* roadster_outline.png */; };
		4D7439F8148F961600090BBA /* connection_good_paranoid.png in Resources */ = {isa = PBXBuildFile; fileRef = 4D7439F6148F961600090BBA /* connection_good_paranoid.png */; };
		4D7439F9148F961600090BBA /* connection_bad_paranoid.png in Resources */ = {isa = PBXBuildFile; fileRef = 4D7439F7148F961600090BBA /* connection_bad_paranoid.png */; };
		4D7439FC148F9CA400090BBA /* connection_unknown_paranoid.png in Resources */ = {isa = PBXBuildFile; fileRef = 4D7439FB148F9CA400090BBA /* connection_unknown_paranoid.png */; };
		4D90410B147C787F00D9C8E1 /* CoreLocation.framework in Frameworks */ = {isa = PBXBuildFile; fileRef = 4D90410A147C787F00D9C8E1 /* CoreLocation.framework */; };
		4D91CEF41473EBEA00CBA435 /* ovmsStatusViewController.m in Sources */ = {isa = PBXBuildFile; fileRef = 4D91CEF31473EBEA00CBA435 /* ovmsStatusViewController.m */; };
		4D91CEF71473EBFA00CBA435 /* ovmsLocationViewController.m in Sources */ = {isa = PBXBuildFile; fileRef = 4D91CEF61473EBFA00CBA435 /* ovmsLocationViewController.m */; };
		4D91CEFA1473F24500CBA435 /* 20-gear2.png in Resources */ = {isa = PBXBuildFile; fileRef = 4D91CEF91473F24500CBA435 /* 20-gear2.png */; };
		4D91CEFC1473F26D00CBA435 /* 49-battery.png in Resources */ = {isa = PBXBuildFile; fileRef = 4D91CEFB1473F26D00CBA435 /* 49-battery.png */; };
		4D91CEFE1473F27D00CBA435 /* 51-outlet.png in Resources */ = {isa = PBXBuildFile; fileRef = 4D91CEFD1473F27D00CBA435 /* 51-outlet.png */; };
		4D91CF001473F29400CBA435 /* 54-lock.png in Resources */ = {isa = PBXBuildFile; fileRef = 4D91CEFF1473F29400CBA435 /* 54-lock.png */; };
		4D91CF021473F2B500CBA435 /* 74-location.png in Resources */ = {isa = PBXBuildFile; fileRef = 4D91CF011473F2B500CBA435 /* 74-location.png */; };
		4D91CF041473F2BE00CBA435 /* 77-ekg.png in Resources */ = {isa = PBXBuildFile; fileRef = 4D91CF031473F2BE00CBA435 /* 77-ekg.png */; };
		4D91CF061473F2CC00CBA435 /* 81-dashboard.png in Resources */ = {isa = PBXBuildFile; fileRef = 4D91CF051473F2CC00CBA435 /* 81-dashboard.png */; };
		4D91CF081473F33400CBA435 /* 193-location-arrow.png in Resources */ = {isa = PBXBuildFile; fileRef = 4D91CF071473F33400CBA435 /* 193-location-arrow.png */; };
		4D91CF0A1473F36000CBA435 /* 00-icons-license.txt in Resources */ = {isa = PBXBuildFile; fileRef = 4D91CF091473F36000CBA435 /* 00-icons-license.txt */; };
		4D91CF691473FE0900CBA435 /* MapKit.framework in Frameworks */ = {isa = PBXBuildFile; fileRef = 4D91CF681473FE0900CBA435 /* MapKit.framework */; };
		4DAB2C741492109C00E1098C /* ovmsBodyViewController.m in Sources */ = {isa = PBXBuildFile; fileRef = 4DAB2C731492109C00E1098C /* ovmsBodyViewController.m */; };
		4DAB2C77149216C000E1098C /* carlock.png in Resources */ = {isa = PBXBuildFile; fileRef = 4DAB2C75149216C000E1098C /* carlock.png */; };
		4DAB2C78149216C000E1098C /* carunlock.png in Resources */ = {isa = PBXBuildFile; fileRef = 4DAB2C76149216C000E1098C /* carunlock.png */; };
		4DAD5325147D301C00949EE8 /* ovmsCarsTableViewController.m in Sources */ = {isa = PBXBuildFile; fileRef = 4DAD5324147D301C00949EE8 /* ovmsCarsTableViewController.m */; };
		4DAD532C147D317300949EE8 /* ovmsCarsFormViewController.m in Sources */ = {isa = PBXBuildFile; fileRef = 4DAD532B147D317300949EE8 /* ovmsCarsFormViewController.m */; };
		4DBB7930148270A50055769F /* connection_good.png in Resources */ = {isa = PBXBuildFile; fileRef = 4DBB792D148270A50055769F /* connection_good.png */; };
		4DBB7931148270A50055769F /* connection_bad.png in Resources */ = {isa = PBXBuildFile; fileRef = 4DBB792E148270A50055769F /* connection_bad.png */; };
		4DBB7932148270A50055769F /* connection_unknown.png in Resources */ = {isa = PBXBuildFile; fileRef = 4DBB792F148270A50055769F /* connection_unknown.png */; };
		4DBF3760149B7312002323B5 /* Reachability.m in Sources */ = {isa = PBXBuildFile; fileRef = 4DBF375F149B7312002323B5 /* Reachability.m */; };
		4DBF3762149B7333002323B5 /* SystemConfiguration.framework in Frameworks */ = {isa = PBXBuildFile; fileRef = 4DBF3761149B7333002323B5 /* SystemConfiguration.framework */; };
		4DC8B38C147E7BF2007FDFB2 /* Model.xcdatamodeld in Sources */ = {isa = PBXBuildFile; fileRef = 4DC8B38A147E7BF2007FDFB2 /* Model.xcdatamodeld */; };
		4DDA222F1476962700BA40AA /* teslapin.png in Resources */ = {isa = PBXBuildFile; fileRef = 4DDA222E1476962700BA40AA /* teslapin.png */; };
		4DE26E60147E7E3000E3161D /* CoreData.framework in Frameworks */ = {isa = PBXBuildFile; fileRef = 4DE26E5F147E7E3000E3161D /* CoreData.framework */; };
		4DE26E63147E83AE00E3161D /* Cars.m in Sources */ = {isa = PBXBuildFile; fileRef = 4DE26E62147E83AE00E3161D /* Cars.m */; };
		4DF2FF2014981FB900E488F2 /* ol_car_roadster_arcticwhite.png in Resources */ = {isa = PBXBuildFile; fileRef = 4DF2FF1214981FB900E488F2 /* ol_car_roadster_arcticwhite.png */; };
		4DF2FF2114981FB900E488F2 /* ol_car_roadster_brilliantyellow.png in Resources */ = {isa = PBXBuildFile; fileRef = 4DF2FF1314981FB900E488F2 /* ol_car_roadster_brilliantyellow.png */; };
		4DF2FF2214981FB900E488F2 /* ol_car_roadster_electricblue.png in Resources */ = {isa = PBXBuildFile; fileRef = 4DF2FF1414981FB900E488F2 /* ol_car_roadster_electricblue.png */; };
		4DF2FF2314981FB900E488F2 /* ol_car_roadster_fushionred.png in Resources */ = {isa = PBXBuildFile; fileRef = 4DF2FF1514981FB900E488F2 /* ol_car_roadster_fushionred.png */; };
		4DF2FF2414981FB900E488F2 /* ol_car_roadster_glacierblue.png in Resources */ = {isa = PBXBuildFile; fileRef = 4DF2FF1614981FB900E488F2 /* ol_car_roadster_glacierblue.png */; };
		4DF2FF2514981FB900E488F2 /* ol_car_roadster_jetblack.png in Resources */ = {isa = PBXBuildFile; fileRef = 4DF2FF1714981FB900E488F2 /* ol_car_roadster_jetblack.png */; };
		4DF2FF2614981FB900E488F2 /* ol_car_roadster_lightninggreen.png in Resources */ = {isa = PBXBuildFile; fileRef = 4DF2FF1814981FB900E488F2 /* ol_car_roadster_lightninggreen.png */; };
		4DF2FF2714981FB900E488F2 /* ol_car_roadster_obsidianblack.png in Resources */ = {isa = PBXBuildFile; fileRef = 4DF2FF1914981FB900E488F2 /* ol_car_roadster_obsidianblack.png */; };
		4DF2FF2814981FB900E488F2 /* ol_car_roadster_racinggreen.png in Resources */ = {isa = PBXBuildFile; fileRef = 4DF2FF1A14981FB900E488F2 /* ol_car_roadster_racinggreen.png */; };
		4DF2FF2914981FB900E488F2 /* ol_car_roadster_radiantred.png in Resources */ = {isa = PBXBuildFile; fileRef = 4DF2FF1B14981FB900E488F2 /* ol_car_roadster_radiantred.png */; };
		4DF2FF2A14981FB900E488F2 /* ol_car_roadster_sterlingsilver.png in Resources */ = {isa = PBXBuildFile; fileRef = 4DF2FF1C14981FB900E488F2 /* ol_car_roadster_sterlingsilver.png */; };
		4DF2FF2B14981FB900E488F2 /* ol_car_roadster_thundergray.png in Resources */ = {isa = PBXBuildFile; fileRef = 4DF2FF1D14981FB900E488F2 /* ol_car_roadster_thundergray.png */; };
		4DF2FF2C14981FB900E488F2 /* ol_car_roadster_twilightblue.png in Resources */ = {isa = PBXBuildFile; fileRef = 4DF2FF1E14981FB900E488F2 /* ol_car_roadster_twilightblue.png */; };
		4DF2FF2D14981FB900E488F2 /* ol_car_roadster_veryorange.png in Resources */ = {isa = PBXBuildFile; fileRef = 4DF2FF1F14981FB900E488F2 /* ol_car_roadster_veryorange.png */; };
		4DF2FF381498253300E488F2 /* ol_car_models_anzabrown.png in Resources */ = {isa = PBXBuildFile; fileRef = 4DF2FF2F1498253300E488F2 /* ol_car_models_anzabrown.png */; };
		4DF2FF391498253300E488F2 /* ol_car_models_catalinawhite.png in Resources */ = {isa = PBXBuildFile; fileRef = 4DF2FF301498253300E488F2 /* ol_car_models_catalinawhite.png */; };
		4DF2FF3A1498253300E488F2 /* ol_car_models_montereyblue.png in Resources */ = {isa = PBXBuildFile; fileRef = 4DF2FF311498253300E488F2 /* ol_car_models_montereyblue.png */; };
		4DF2FF3B1498253300E488F2 /* ol_car_models_sansimeonsilver.png in Resources */ = {isa = PBXBuildFile; fileRef = 4DF2FF321498253300E488F2 /* ol_car_models_sansimeonsilver.png */; };
		4DF2FF3C1498253300E488F2 /* ol_car_models_sequolagreen.png in Resources */ = {isa = PBXBuildFile; fileRef = 4DF2FF331498253300E488F2 /* ol_car_models_sequolagreen.png */; };
		4DF2FF3D1498253300E488F2 /* ol_car_models_shastapearlwhite.png in Resources */ = {isa = PBXBuildFile; fileRef = 4DF2FF341498253300E488F2 /* ol_car_models_shastapearlwhite.png */; };
		4DF2FF3E1498253300E488F2 /* ol_car_models_sierrablack.png in Resources */ = {isa = PBXBuildFile; fileRef = 4DF2FF351498253300E488F2 /* ol_car_models_sierrablack.png */; };
		4DF2FF3F1498253300E488F2 /* ol_car_models_signaturered.png in Resources */ = {isa = PBXBuildFile; fileRef = 4DF2FF361498253300E488F2 /* ol_car_models_signaturered.png */; };
		4DF2FF401498253300E488F2 /* ol_car_models_tiburongrey.png in Resources */ = {isa = PBXBuildFile; fileRef = 4DF2FF371498253300E488F2 /* ol_car_models_tiburongrey.png */; };
		4DF754E2147F1D5C00C33AA4 /* car_models_anzabrown.png in Resources */ = {isa = PBXBuildFile; fileRef = 4DF754CB147F1D5C00C33AA4 /* car_models_anzabrown.png */; };
		4DF754E3147F1D5C00C33AA4 /* car_models_catalinawhite.png in Resources */ = {isa = PBXBuildFile; fileRef = 4DF754CC147F1D5C00C33AA4 /* car_models_catalinawhite.png */; };
		4DF754E4147F1D5C00C33AA4 /* car_models_montereyblue.png in Resources */ = {isa = PBXBuildFile; fileRef = 4DF754CD147F1D5C00C33AA4 /* car_models_montereyblue.png */; };
		4DF754E5147F1D5C00C33AA4 /* car_models_sansimeonsilver.png in Resources */ = {isa = PBXBuildFile; fileRef = 4DF754CE147F1D5C00C33AA4 /* car_models_sansimeonsilver.png */; };
		4DF754E6147F1D5C00C33AA4 /* car_models_sequolagreen.png in Resources */ = {isa = PBXBuildFile; fileRef = 4DF754CF147F1D5C00C33AA4 /* car_models_sequolagreen.png */; };
		4DF754E7147F1D5C00C33AA4 /* car_models_shastapearlwhite.png in Resources */ = {isa = PBXBuildFile; fileRef = 4DF754D0147F1D5C00C33AA4 /* car_models_shastapearlwhite.png */; };
		4DF754E8147F1D5C00C33AA4 /* car_models_sierrablack.png in Resources */ = {isa = PBXBuildFile; fileRef = 4DF754D1147F1D5C00C33AA4 /* car_models_sierrablack.png */; };
		4DF754E9147F1D5C00C33AA4 /* car_models_signaturered.png in Resources */ = {isa = PBXBuildFile; fileRef = 4DF754D2147F1D5C00C33AA4 /* car_models_signaturered.png */; };
		4DF754EA147F1D5C00C33AA4 /* car_models_tiburongrey.png in Resources */ = {isa = PBXBuildFile; fileRef = 4DF754D3147F1D5C00C33AA4 /* car_models_tiburongrey.png */; };
		4DF754EB147F1D5C00C33AA4 /* car_roadster_arcticwhite.png in Resources */ = {isa = PBXBuildFile; fileRef = 4DF754D4147F1D5C00C33AA4 /* car_roadster_arcticwhite.png */; };
		4DF754EC147F1D5C00C33AA4 /* car_roadster_brilliantyellow.png in Resources */ = {isa = PBXBuildFile; fileRef = 4DF754D5147F1D5C00C33AA4 /* car_roadster_brilliantyellow.png */; };
		4DF754ED147F1D5C00C33AA4 /* car_roadster_electricblue.png in Resources */ = {isa = PBXBuildFile; fileRef = 4DF754D6147F1D5C00C33AA4 /* car_roadster_electricblue.png */; };
		4DF754EE147F1D5C00C33AA4 /* car_roadster_fushionred.png in Resources */ = {isa = PBXBuildFile; fileRef = 4DF754D7147F1D5C00C33AA4 /* car_roadster_fushionred.png */; };
		4DF754EF147F1D5C00C33AA4 /* car_roadster_glacierblue.png in Resources */ = {isa = PBXBuildFile; fileRef = 4DF754D8147F1D5C00C33AA4 /* car_roadster_glacierblue.png */; };
		4DF754F0147F1D5C00C33AA4 /* car_roadster_jetblack.png in Resources */ = {isa = PBXBuildFile; fileRef = 4DF754D9147F1D5C00C33AA4 /* car_roadster_jetblack.png */; };
		4DF754F1147F1D5C00C33AA4 /* car_roadster_lightninggreen.png in Resources */ = {isa = PBXBuildFile; fileRef = 4DF754DA147F1D5C00C33AA4 /* car_roadster_lightninggreen.png */; };
		4DF754F2147F1D5C00C33AA4 /* car_roadster_obsidianblack.png in Resources */ = {isa = PBXBuildFile; fileRef = 4DF754DB147F1D5C00C33AA4 /* car_roadster_obsidianblack.png */; };
		4DF754F3147F1D5C00C33AA4 /* car_roadster_racinggreen.png in Resources */ = {isa = PBXBuildFile; fileRef = 4DF754DC147F1D5C00C33AA4 /* car_roadster_racinggreen.png */; };
		4DF754F4147F1D5C00C33AA4 /* car_roadster_radiantred.png in Resources */ = {isa = PBXBuildFile; fileRef = 4DF754DD147F1D5C00C33AA4 /* car_roadster_radiantred.png */; };
		4DF754F5147F1D5C00C33AA4 /* car_roadster_sterlingsilver.png in Resources */ = {isa = PBXBuildFile; fileRef = 4DF754DE147F1D5C00C33AA4 /* car_roadster_sterlingsilver.png */; };
		4DF754F6147F1D5C00C33AA4 /* car_roadster_thundergray.png in Resources */ = {isa = PBXBuildFile; fileRef = 4DF754DF147F1D5C00C33AA4 /* car_roadster_thundergray.png */; };
		4DF754F7147F1D5C00C33AA4 /* car_roadster_twilightblue.png in Resources */ = {isa = PBXBuildFile; fileRef = 4DF754E0147F1D5C00C33AA4 /* car_roadster_twilightblue.png */; };
		4DF754F8147F1D5C00C33AA4 /* car_roadster_veryorange.png in Resources */ = {isa = PBXBuildFile; fileRef = 4DF754E1147F1D5C00C33AA4 /* car_roadster_veryorange.png */; };
		4DFAD7EB14752B8800416D38 /* Icon.png in Resources */ = {isa = PBXBuildFile; fileRef = 4DFAD7EA14752B8800416D38 /* Icon.png */; };
		4DFAD7EE14752BA100416D38 /* icon114x114.png in Resources */ = {isa = PBXBuildFile; fileRef = 4DFAD7ED14752BA100416D38 /* icon114x114.png */; };
		4DFAD7F014752CFB00416D38 /* Default.png in Resources */ = {isa = PBXBuildFile; fileRef = 4DFAD7EF14752CFB00416D38 /* Default.png */; };
		4DFAD7F414752D4F00416D38 /* icon72x72.png in Resources */ = {isa = PBXBuildFile; fileRef = 4DFAD7F314752D4E00416D38 /* icon72x72.png */; };
		4DFAD7F614752ECD00416D38 /* Default-Portrait~ipad.png in Resources */ = {isa = PBXBuildFile; fileRef = 4DFAD7F514752ECD00416D38 /* Default-Portrait~ipad.png */; };
		4DFAD7F814752F0F00416D38 /* Default-Landscape~ipad.png in Resources */ = {isa = PBXBuildFile; fileRef = 4DFAD7F714752F0F00416D38 /* Default-Landscape~ipad.png */; };
		4DFAD7FB14753D7900416D38 /* battery_000.png in Resources */ = {isa = PBXBuildFile; fileRef = 4DFAD7F914753D7900416D38 /* battery_000.png */; };
		4DFAD7FC14753D7900416D38 /* battery_100.png in Resources */ = {isa = PBXBuildFile; fileRef = 4DFAD7FA14753D7900416D38 /* battery_100.png */; };
		4DFAD8021475445600416D38 /* crypto_md5.c in Sources */ = {isa = PBXBuildFile; fileRef = 4DFAD8011475445600416D38 /* crypto_md5.c */; };
		4DFAD8071475448000416D38 /* crypto_rc4.c in Sources */ = {isa = PBXBuildFile; fileRef = 4DFAD8061475448000416D38 /* crypto_rc4.c */; };
		4DFAD8091475448A00416D38 /* crypto_hmac.c in Sources */ = {isa = PBXBuildFile; fileRef = 4DFAD8081475448A00416D38 /* crypto_hmac.c */; };
		4DFAD80B1475449600416D38 /* crypto_base64.c in Sources */ = {isa = PBXBuildFile; fileRef = 4DFAD80A1475449600416D38 /* crypto_base64.c */; };
/* End PBXBuildFile section */

/* Begin PBXContainerItemProxy section */
		4D5AE39814733758002F5F52 /* PBXContainerItemProxy */ = {
			isa = PBXContainerItemProxy;
			containerPortal = 4D5AE35B14733757002F5F52 /* Project object */;
			proxyType = 1;
			remoteGlobalIDString = 4D5AE36314733757002F5F52;
			remoteInfo = ovms;
		};
/* End PBXContainerItemProxy section */

/* Begin PBXFileReference section */
		4D04E2E6147E7695007CB190 /* Settings.bundle */ = {isa = PBXFileReference; lastKnownFileType = "wrapper.plug-in"; name = Settings.bundle; path = ../Settings.bundle; sourceTree = "<group>"; };
		4D0A96AD14939616000B74FC /* ovmsStatusViewControllerPad.h */ = {isa = PBXFileReference; fileEncoding = 4; lastKnownFileType = sourcecode.c.h; path = ovmsStatusViewControllerPad.h; sourceTree = "<group>"; };
		4D0A96AE14939616000B74FC /* ovmsStatusViewControllerPad.m */ = {isa = PBXFileReference; fileEncoding = 4; lastKnownFileType = sourcecode.c.objc; path = ovmsStatusViewControllerPad.m; sourceTree = "<group>"; };
		4D10FCF1147BC9AA0092FAF9 /* GCDAsyncSocket.h */ = {isa = PBXFileReference; fileEncoding = 4; lastKnownFileType = sourcecode.c.h; path = GCDAsyncSocket.h; sourceTree = "<group>"; };
		4D10FCF2147BC9AA0092FAF9 /* GCDAsyncSocket.m */ = {isa = PBXFileReference; fileEncoding = 4; lastKnownFileType = sourcecode.c.objc; path = GCDAsyncSocket.m; sourceTree = "<group>"; };
		4D10FCF4147BCA0B0092FAF9 /* CFNetwork.framework */ = {isa = PBXFileReference; lastKnownFileType = wrapper.framework; name = CFNetwork.framework; path = System/Library/Frameworks/CFNetwork.framework; sourceTree = SDKROOT; };
		4D10FCF6147BCACD0092FAF9 /* Security.framework */ = {isa = PBXFileReference; lastKnownFileType = wrapper.framework; name = Security.framework; path = System/Library/Frameworks/Security.framework; sourceTree = SDKROOT; };
		4D16EF30148747EC004A80AE /* JHNotificationManager.h */ = {isa = PBXFileReference; fileEncoding = 4; lastKnownFileType = sourcecode.c.h; path = JHNotificationManager.h; sourceTree = "<group>"; };
		4D16EF31148747EC004A80AE /* JHNotificationManager.m */ = {isa = PBXFileReference; fileEncoding = 4; lastKnownFileType = sourcecode.c.objc; path = JHNotificationManager.m; sourceTree = "<group>"; };
		4D16EF3414874AE7004A80AE /* notification_background.png */ = {isa = PBXFileReference; lastKnownFileType = image.png; path = notification_background.png; sourceTree = "<group>"; };
		4D5AE36414733757002F5F52 /* Open Vehicle.app */ = {isa = PBXFileReference; explicitFileType = wrapper.application; includeInIndex = 0; path = "Open Vehicle.app"; sourceTree = BUILT_PRODUCTS_DIR; };
		4D5AE36814733757002F5F52 /* UIKit.framework */ = {isa = PBXFileReference; lastKnownFileType = wrapper.framework; name = UIKit.framework; path = System/Library/Frameworks/UIKit.framework; sourceTree = SDKROOT; };
		4D5AE36A14733757002F5F52 /* Foundation.framework */ = {isa = PBXFileReference; lastKnownFileType = wrapper.framework; name = Foundation.framework; path = System/Library/Frameworks/Foundation.framework; sourceTree = SDKROOT; };
		4D5AE36C14733757002F5F52 /* CoreGraphics.framework */ = {isa = PBXFileReference; lastKnownFileType = wrapper.framework; name = CoreGraphics.framework; path = System/Library/Frameworks/CoreGraphics.framework; sourceTree = SDKROOT; };
		4D5AE37014733757002F5F52 /* ovms-Info.plist */ = {isa = PBXFileReference; lastKnownFileType = text.plist.xml; path = "ovms-Info.plist"; sourceTree = "<group>"; };
		4D5AE37214733757002F5F52 /* en */ = {isa = PBXFileReference; lastKnownFileType = text.plist.strings; name = en; path = en.lproj/InfoPlist.strings; sourceTree = "<group>"; };
		4D5AE37414733757002F5F52 /* main.m */ = {isa = PBXFileReference; lastKnownFileType = sourcecode.c.objc; path = main.m; sourceTree = "<group>"; };
		4D5AE37614733758002F5F52 /* Open Vehicle-Prefix.pch */ = {isa = PBXFileReference; lastKnownFileType = sourcecode.c.h; path = "Open Vehicle-Prefix.pch"; sourceTree = "<group>"; };
		4D5AE37714733758002F5F52 /* ovmsAppDelegate.h */ = {isa = PBXFileReference; lastKnownFileType = sourcecode.c.h; path = ovmsAppDelegate.h; sourceTree = "<group>"; };
		4D5AE37814733758002F5F52 /* ovmsAppDelegate.m */ = {isa = PBXFileReference; lastKnownFileType = sourcecode.c.objc; path = ovmsAppDelegate.m; sourceTree = "<group>"; };
		4D5AE37B14733758002F5F52 /* en */ = {isa = PBXFileReference; lastKnownFileType = file.storyboard; name = en; path = en.lproj/MainStoryboard_iPhone.storyboard; sourceTree = "<group>"; };
		4D5AE37E14733758002F5F52 /* en */ = {isa = PBXFileReference; lastKnownFileType = file.storyboard; name = en; path = en.lproj/MainStoryboard_iPad.storyboard; sourceTree = "<group>"; };
		4D5AE38314733758002F5F52 /* first.png */ = {isa = PBXFileReference; lastKnownFileType = image.png; path = first.png; sourceTree = "<group>"; };
		4D5AE38514733758002F5F52 /* first@2x.png */ = {isa = PBXFileReference; lastKnownFileType = image.png; path = "first@2x.png"; sourceTree = "<group>"; };
		4D5AE38A14733758002F5F52 /* second.png */ = {isa = PBXFileReference; lastKnownFileType = image.png; path = second.png; sourceTree = "<group>"; };
		4D5AE38C14733758002F5F52 /* second@2x.png */ = {isa = PBXFileReference; lastKnownFileType = image.png; path = "second@2x.png"; sourceTree = "<group>"; };
		4D5AE39314733758002F5F52 /* Open VehicleTests.octest */ = {isa = PBXFileReference; explicitFileType = wrapper.cfbundle; includeInIndex = 0; path = "Open VehicleTests.octest"; sourceTree = BUILT_PRODUCTS_DIR; };
		4D5AE39414733758002F5F52 /* SenTestingKit.framework */ = {isa = PBXFileReference; lastKnownFileType = wrapper.framework; name = SenTestingKit.framework; path = Library/Frameworks/SenTestingKit.framework; sourceTree = DEVELOPER_DIR; };
		4D5AE39C14733758002F5F52 /* Open VehicleTests-Info.plist */ = {isa = PBXFileReference; lastKnownFileType = text.plist.xml; path = "Open VehicleTests-Info.plist"; sourceTree = "<group>"; };
		4D5AE39E14733758002F5F52 /* en */ = {isa = PBXFileReference; lastKnownFileType = text.plist.strings; name = en; path = en.lproj/InfoPlist.strings; sourceTree = "<group>"; };
		4D5AE3A014733758002F5F52 /* ovmsTests.h */ = {isa = PBXFileReference; lastKnownFileType = sourcecode.c.h; path = ovmsTests.h; sourceTree = "<group>"; };
		4D5AE3A114733758002F5F52 /* ovmsTests.m */ = {isa = PBXFileReference; lastKnownFileType = sourcecode.c.objc; path = ovmsTests.m; sourceTree = "<group>"; };
		4D6734B11497891E00F7919F /* roadster_outline_tr.png */ = {isa = PBXFileReference; lastKnownFileType = image.png; path = roadster_outline_tr.png; sourceTree = "<group>"; };
		4D6734B31497893F00F7919F /* roadster_outline_rd.png */ = {isa = PBXFileReference; lastKnownFileType = image.png; path = roadster_outline_rd.png; sourceTree = "<group>"; };
		4D6734B51497895700F7919F /* roadster_outline_ld.png */ = {isa = PBXFileReference; lastKnownFileType = image.png; path = roadster_outline_ld.png; sourceTree = "<group>"; };
		4D6734B71497896B00F7919F /* roadster_outline_hd.png */ = {isa = PBXFileReference; lastKnownFileType = image.png; path = roadster_outline_hd.png; sourceTree = "<group>"; };
		4D6734B91497898100F7919F /* roadster_outline_cp.png */ = {isa = PBXFileReference; lastKnownFileType = image.png; path = roadster_outline_cp.png; sourceTree = "<group>"; };
		4D6734BB1497898A00F7919F /* roadster_outline_ce.png */ = {isa = PBXFileReference; lastKnownFileType = image.png; path = roadster_outline_ce.png; sourceTree = "<group>"; };
		4D6734BF1497927400F7919F /* roadster_outline.png */ = {isa = PBXFileReference; lastKnownFileType = image.png; path = roadster_outline.png; sourceTree = "<group>"; };
		4D7439F6148F961600090BBA /* connection_good_paranoid.png */ = {isa = PBXFileReference; lastKnownFileType = image.png; path = connection_good_paranoid.png; sourceTree = "<group>"; };
		4D7439F7148F961600090BBA /* connection_bad_paranoid.png */ = {isa = PBXFileReference; lastKnownFileType = image.png; path = connection_bad_paranoid.png; sourceTree = "<group>"; };
		4D7439FB148F9CA400090BBA /* connection_unknown_paranoid.png */ = {isa = PBXFileReference; lastKnownFileType = image.png; path = connection_unknown_paranoid.png; sourceTree = "<group>"; };
		4D90410A147C787F00D9C8E1 /* CoreLocation.framework */ = {isa = PBXFileReference; lastKnownFileType = wrapper.framework; name = CoreLocation.framework; path = System/Library/Frameworks/CoreLocation.framework; sourceTree = SDKROOT; };
		4D91CEF21473EBEA00CBA435 /* ovmsStatusViewController.h */ = {isa = PBXFileReference; fileEncoding = 4; lastKnownFileType = sourcecode.c.h; path = ovmsStatusViewController.h; sourceTree = "<group>"; };
		4D91CEF31473EBEA00CBA435 /* ovmsStatusViewController.m */ = {isa = PBXFileReference; fileEncoding = 4; lastKnownFileType = sourcecode.c.objc; path = ovmsStatusViewController.m; sourceTree = "<group>"; };
		4D91CEF51473EBFA00CBA435 /* ovmsLocationViewController.h */ = {isa = PBXFileReference; fileEncoding = 4; lastKnownFileType = sourcecode.c.h; path = ovmsLocationViewController.h; sourceTree = "<group>"; };
		4D91CEF61473EBFA00CBA435 /* ovmsLocationViewController.m */ = {isa = PBXFileReference; fileEncoding = 4; lastKnownFileType = sourcecode.c.objc; path = ovmsLocationViewController.m; sourceTree = "<group>"; };
		4D91CEF91473F24500CBA435 /* 20-gear2.png */ = {isa = PBXFileReference; lastKnownFileType = image.png; path = "20-gear2.png"; sourceTree = "<group>"; };
		4D91CEFB1473F26D00CBA435 /* 49-battery.png */ = {isa = PBXFileReference; lastKnownFileType = image.png; path = "49-battery.png"; sourceTree = "<group>"; };
		4D91CEFD1473F27D00CBA435 /* 51-outlet.png */ = {isa = PBXFileReference; lastKnownFileType = image.png; path = "51-outlet.png"; sourceTree = "<group>"; };
		4D91CEFF1473F29400CBA435 /* 54-lock.png */ = {isa = PBXFileReference; lastKnownFileType = image.png; path = "54-lock.png"; sourceTree = "<group>"; };
		4D91CF011473F2B500CBA435 /* 74-location.png */ = {isa = PBXFileReference; lastKnownFileType = image.png; path = "74-location.png"; sourceTree = "<group>"; };
		4D91CF031473F2BE00CBA435 /* 77-ekg.png */ = {isa = PBXFileReference; lastKnownFileType = image.png; path = "77-ekg.png"; sourceTree = "<group>"; };
		4D91CF051473F2CC00CBA435 /* 81-dashboard.png */ = {isa = PBXFileReference; lastKnownFileType = image.png; path = "81-dashboard.png"; sourceTree = "<group>"; };
		4D91CF071473F33400CBA435 /* 193-location-arrow.png */ = {isa = PBXFileReference; lastKnownFileType = image.png; path = "193-location-arrow.png"; sourceTree = "<group>"; };
		4D91CF091473F36000CBA435 /* 00-icons-license.txt */ = {isa = PBXFileReference; fileEncoding = 4; lastKnownFileType = text; path = "00-icons-license.txt"; sourceTree = "<group>"; };
		4D91CF681473FE0900CBA435 /* MapKit.framework */ = {isa = PBXFileReference; lastKnownFileType = wrapper.framework; name = MapKit.framework; path = System/Library/Frameworks/MapKit.framework; sourceTree = SDKROOT; };
		4DAB2C7014920DB600E1098C /* ovmsBodyViewController.h */ = {isa = PBXFileReference; fileEncoding = 4; lastKnownFileType = sourcecode.c.h; path = ovmsBodyViewController.h; sourceTree = "<group>"; };
		4DAB2C731492109C00E1098C /* ovmsBodyViewController.m */ = {isa = PBXFileReference; fileEncoding = 4; lastKnownFileType = sourcecode.c.objc; path = ovmsBodyViewController.m; sourceTree = "<group>"; };
		4DAB2C75149216C000E1098C /* carlock.png */ = {isa = PBXFileReference; lastKnownFileType = image.png; path = carlock.png; sourceTree = "<group>"; };
		4DAB2C76149216C000E1098C /* carunlock.png */ = {isa = PBXFileReference; lastKnownFileType = image.png; path = carunlock.png; sourceTree = "<group>"; };
		4DAD5323147D301C00949EE8 /* ovmsCarsTableViewController.h */ = {isa = PBXFileReference; fileEncoding = 4; lastKnownFileType = sourcecode.c.h; path = ovmsCarsTableViewController.h; sourceTree = "<group>"; };
		4DAD5324147D301C00949EE8 /* ovmsCarsTableViewController.m */ = {isa = PBXFileReference; fileEncoding = 4; lastKnownFileType = sourcecode.c.objc; path = ovmsCarsTableViewController.m; sourceTree = "<group>"; };
		4DAD532A147D317300949EE8 /* ovmsCarsFormViewController.h */ = {isa = PBXFileReference; fileEncoding = 4; lastKnownFileType = sourcecode.c.h; path = ovmsCarsFormViewController.h; sourceTree = SOURCE_ROOT; };
		4DAD532B147D317300949EE8 /* ovmsCarsFormViewController.m */ = {isa = PBXFileReference; fileEncoding = 4; lastKnownFileType = sourcecode.c.objc; path = ovmsCarsFormViewController.m; sourceTree = SOURCE_ROOT; };
		4DBB792D148270A50055769F /* connection_good.png */ = {isa = PBXFileReference; lastKnownFileType = image.png; path = connection_good.png; sourceTree = "<group>"; };
		4DBB792E148270A50055769F /* connection_bad.png */ = {isa = PBXFileReference; lastKnownFileType = image.png; path = connection_bad.png; sourceTree = "<group>"; };
		4DBB792F148270A50055769F /* connection_unknown.png */ = {isa = PBXFileReference; lastKnownFileType = image.png; path = connection_unknown.png; sourceTree = "<group>"; };
		4DBF375E149B7312002323B5 /* Reachability.h */ = {isa = PBXFileReference; fileEncoding = 4; lastKnownFileType = sourcecode.c.h; path = Reachability.h; sourceTree = "<group>"; };
		4DBF375F149B7312002323B5 /* Reachability.m */ = {isa = PBXFileReference; fileEncoding = 4; lastKnownFileType = sourcecode.c.objc; path = Reachability.m; sourceTree = "<group>"; };
		4DBF3761149B7333002323B5 /* SystemConfiguration.framework */ = {isa = PBXFileReference; lastKnownFileType = wrapper.framework; name = SystemConfiguration.framework; path = System/Library/Frameworks/SystemConfiguration.framework; sourceTree = SDKROOT; };
		4DC8B38B147E7BF2007FDFB2 /* Model.xcdatamodel */ = {isa = PBXFileReference; lastKnownFileType = wrapper.xcdatamodel; path = Model.xcdatamodel; sourceTree = "<group>"; };
		4DDA222E1476962700BA40AA /* teslapin.png */ = {isa = PBXFileReference; lastKnownFileType = image.png; path = teslapin.png; sourceTree = "<group>"; };
		4DE26E5F147E7E3000E3161D /* CoreData.framework */ = {isa = PBXFileReference; lastKnownFileType = wrapper.framework; name = CoreData.framework; path = System/Library/Frameworks/CoreData.framework; sourceTree = SDKROOT; };
		4DE26E61147E83AE00E3161D /* Cars.h */ = {isa = PBXFileReference; fileEncoding = 4; lastKnownFileType = sourcecode.c.h; name = Cars.h; path = ../Cars.h; sourceTree = "<group>"; };
		4DE26E62147E83AE00E3161D /* Cars.m */ = {isa = PBXFileReference; fileEncoding = 4; lastKnownFileType = sourcecode.c.objc; name = Cars.m; path = ../Cars.m; sourceTree = "<group>"; };
		4DF2FF1214981FB900E488F2 /* ol_car_roadster_arcticwhite.png */ = {isa = PBXFileReference; lastKnownFileType = image.png; path = ol_car_roadster_arcticwhite.png; sourceTree = "<group>"; };
		4DF2FF1314981FB900E488F2 /* ol_car_roadster_brilliantyellow.png */ = {isa = PBXFileReference; lastKnownFileType = image.png; path = ol_car_roadster_brilliantyellow.png; sourceTree = "<group>"; };
		4DF2FF1414981FB900E488F2 /* ol_car_roadster_electricblue.png */ = {isa = PBXFileReference; lastKnownFileType = image.png; path = ol_car_roadster_electricblue.png; sourceTree = "<group>"; };
		4DF2FF1514981FB900E488F2 /* ol_car_roadster_fushionred.png */ = {isa = PBXFileReference; lastKnownFileType = image.png; path = ol_car_roadster_fushionred.png; sourceTree = "<group>"; };
		4DF2FF1614981FB900E488F2 /* ol_car_roadster_glacierblue.png */ = {isa = PBXFileReference; lastKnownFileType = image.png; path = ol_car_roadster_glacierblue.png; sourceTree = "<group>"; };
		4DF2FF1714981FB900E488F2 /* ol_car_roadster_jetblack.png */ = {isa = PBXFileReference; lastKnownFileType = image.png; path = ol_car_roadster_jetblack.png; sourceTree = "<group>"; };
		4DF2FF1814981FB900E488F2 /* ol_car_roadster_lightninggreen.png */ = {isa = PBXFileReference; lastKnownFileType = image.png; path = ol_car_roadster_lightninggreen.png; sourceTree = "<group>"; };
		4DF2FF1914981FB900E488F2 /* ol_car_roadster_obsidianblack.png */ = {isa = PBXFileReference; lastKnownFileType = image.png; path = ol_car_roadster_obsidianblack.png; sourceTree = "<group>"; };
		4DF2FF1A14981FB900E488F2 /* ol_car_roadster_racinggreen.png */ = {isa = PBXFileReference; lastKnownFileType = image.png; path = ol_car_roadster_racinggreen.png; sourceTree = "<group>"; };
		4DF2FF1B14981FB900E488F2 /* ol_car_roadster_radiantred.png */ = {isa = PBXFileReference; lastKnownFileType = image.png; path = ol_car_roadster_radiantred.png; sourceTree = "<group>"; };
		4DF2FF1C14981FB900E488F2 /* ol_car_roadster_sterlingsilver.png */ = {isa = PBXFileReference; lastKnownFileType = image.png; path = ol_car_roadster_sterlingsilver.png; sourceTree = "<group>"; };
		4DF2FF1D14981FB900E488F2 /* ol_car_roadster_thundergray.png */ = {isa = PBXFileReference; lastKnownFileType = image.png; path = ol_car_roadster_thundergray.png; sourceTree = "<group>"; };
		4DF2FF1E14981FB900E488F2 /* ol_car_roadster_twilightblue.png */ = {isa = PBXFileReference; lastKnownFileType = image.png; path = ol_car_roadster_twilightblue.png; sourceTree = "<group>"; };
		4DF2FF1F14981FB900E488F2 /* ol_car_roadster_veryorange.png */ = {isa = PBXFileReference; lastKnownFileType = image.png; path = ol_car_roadster_veryorange.png; sourceTree = "<group>"; };
		4DF2FF2F1498253300E488F2 /* ol_car_models_anzabrown.png */ = {isa = PBXFileReference; lastKnownFileType = image.png; path = ol_car_models_anzabrown.png; sourceTree = "<group>"; };
		4DF2FF301498253300E488F2 /* ol_car_models_catalinawhite.png */ = {isa = PBXFileReference; lastKnownFileType = image.png; path = ol_car_models_catalinawhite.png; sourceTree = "<group>"; };
		4DF2FF311498253300E488F2 /* ol_car_models_montereyblue.png */ = {isa = PBXFileReference; lastKnownFileType = image.png; path = ol_car_models_montereyblue.png; sourceTree = "<group>"; };
		4DF2FF321498253300E488F2 /* ol_car_models_sansimeonsilver.png */ = {isa = PBXFileReference; lastKnownFileType = image.png; path = ol_car_models_sansimeonsilver.png; sourceTree = "<group>"; };
		4DF2FF331498253300E488F2 /* ol_car_models_sequolagreen.png */ = {isa = PBXFileReference; lastKnownFileType = image.png; path = ol_car_models_sequolagreen.png; sourceTree = "<group>"; };
		4DF2FF341498253300E488F2 /* ol_car_models_shastapearlwhite.png */ = {isa = PBXFileReference; lastKnownFileType = image.png; path = ol_car_models_shastapearlwhite.png; sourceTree = "<group>"; };
		4DF2FF351498253300E488F2 /* ol_car_models_sierrablack.png */ = {isa = PBXFileReference; lastKnownFileType = image.png; path = ol_car_models_sierrablack.png; sourceTree = "<group>"; };
		4DF2FF361498253300E488F2 /* ol_car_models_signaturered.png */ = {isa = PBXFileReference; lastKnownFileType = image.png; path = ol_car_models_signaturered.png; sourceTree = "<group>"; };
		4DF2FF371498253300E488F2 /* ol_car_models_tiburongrey.png */ = {isa = PBXFileReference; lastKnownFileType = image.png; path = ol_car_models_tiburongrey.png; sourceTree = "<group>"; };
		4DF754CB147F1D5C00C33AA4 /* car_models_anzabrown.png */ = {isa = PBXFileReference; lastKnownFileType = image.png; path = car_models_anzabrown.png; sourceTree = "<group>"; };
		4DF754CC147F1D5C00C33AA4 /* car_models_catalinawhite.png */ = {isa = PBXFileReference; lastKnownFileType = image.png; path = car_models_catalinawhite.png; sourceTree = "<group>"; };
		4DF754CD147F1D5C00C33AA4 /* car_models_montereyblue.png */ = {isa = PBXFileReference; lastKnownFileType = image.png; path = car_models_montereyblue.png; sourceTree = "<group>"; };
		4DF754CE147F1D5C00C33AA4 /* car_models_sansimeonsilver.png */ = {isa = PBXFileReference; lastKnownFileType = image.png; path = car_models_sansimeonsilver.png; sourceTree = "<group>"; };
		4DF754CF147F1D5C00C33AA4 /* car_models_sequolagreen.png */ = {isa = PBXFileReference; lastKnownFileType = image.png; path = car_models_sequolagreen.png; sourceTree = "<group>"; };
		4DF754D0147F1D5C00C33AA4 /* car_models_shastapearlwhite.png */ = {isa = PBXFileReference; lastKnownFileType = image.png; path = car_models_shastapearlwhite.png; sourceTree = "<group>"; };
		4DF754D1147F1D5C00C33AA4 /* car_models_sierrablack.png */ = {isa = PBXFileReference; lastKnownFileType = image.png; path = car_models_sierrablack.png; sourceTree = "<group>"; };
		4DF754D2147F1D5C00C33AA4 /* car_models_signaturered.png */ = {isa = PBXFileReference; lastKnownFileType = image.png; path = car_models_signaturered.png; sourceTree = "<group>"; };
		4DF754D3147F1D5C00C33AA4 /* car_models_tiburongrey.png */ = {isa = PBXFileReference; lastKnownFileType = image.png; path = car_models_tiburongrey.png; sourceTree = "<group>"; };
		4DF754D4147F1D5C00C33AA4 /* car_roadster_arcticwhite.png */ = {isa = PBXFileReference; lastKnownFileType = image.png; path = car_roadster_arcticwhite.png; sourceTree = "<group>"; };
		4DF754D5147F1D5C00C33AA4 /* car_roadster_brilliantyellow.png */ = {isa = PBXFileReference; lastKnownFileType = image.png; path = car_roadster_brilliantyellow.png; sourceTree = "<group>"; };
		4DF754D6147F1D5C00C33AA4 /* car_roadster_electricblue.png */ = {isa = PBXFileReference; lastKnownFileType = image.png; path = car_roadster_electricblue.png; sourceTree = "<group>"; };
		4DF754D7147F1D5C00C33AA4 /* car_roadster_fushionred.png */ = {isa = PBXFileReference; lastKnownFileType = image.png; path = car_roadster_fushionred.png; sourceTree = "<group>"; };
		4DF754D8147F1D5C00C33AA4 /* car_roadster_glacierblue.png */ = {isa = PBXFileReference; lastKnownFileType = image.png; path = car_roadster_glacierblue.png; sourceTree = "<group>"; };
		4DF754D9147F1D5C00C33AA4 /* car_roadster_jetblack.png */ = {isa = PBXFileReference; lastKnownFileType = image.png; path = car_roadster_jetblack.png; sourceTree = "<group>"; };
		4DF754DA147F1D5C00C33AA4 /* car_roadster_lightninggreen.png */ = {isa = PBXFileReference; lastKnownFileType = image.png; path = car_roadster_lightninggreen.png; sourceTree = "<group>"; };
		4DF754DB147F1D5C00C33AA4 /* car_roadster_obsidianblack.png */ = {isa = PBXFileReference; lastKnownFileType = image.png; path = car_roadster_obsidianblack.png; sourceTree = "<group>"; };
		4DF754DC147F1D5C00C33AA4 /* car_roadster_racinggreen.png */ = {isa = PBXFileReference; lastKnownFileType = image.png; path = car_roadster_racinggreen.png; sourceTree = "<group>"; };
		4DF754DD147F1D5C00C33AA4 /* car_roadster_radiantred.png */ = {isa = PBXFileReference; lastKnownFileType = image.png; path = car_roadster_radiantred.png; sourceTree = "<group>"; };
		4DF754DE147F1D5C00C33AA4 /* car_roadster_sterlingsilver.png */ = {isa = PBXFileReference; lastKnownFileType = image.png; path = car_roadster_sterlingsilver.png; sourceTree = "<group>"; };
		4DF754DF147F1D5C00C33AA4 /* car_roadster_thundergray.png */ = {isa = PBXFileReference; lastKnownFileType = image.png; path = car_roadster_thundergray.png; sourceTree = "<group>"; };
		4DF754E0147F1D5C00C33AA4 /* car_roadster_twilightblue.png */ = {isa = PBXFileReference; lastKnownFileType = image.png; path = car_roadster_twilightblue.png; sourceTree = "<group>"; };
		4DF754E1147F1D5C00C33AA4 /* car_roadster_veryorange.png */ = {isa = PBXFileReference; lastKnownFileType = image.png; path = car_roadster_veryorange.png; sourceTree = "<group>"; };
		4DFAD7EA14752B8800416D38 /* Icon.png */ = {isa = PBXFileReference; lastKnownFileType = image.png; name = Icon.png; path = ../Icon.png; sourceTree = "<group>"; };
		4DFAD7ED14752BA100416D38 /* icon114x114.png */ = {isa = PBXFileReference; lastKnownFileType = image.png; name = icon114x114.png; path = ../icon114x114.png; sourceTree = "<group>"; };
		4DFAD7EF14752CFB00416D38 /* Default.png */ = {isa = PBXFileReference; lastKnownFileType = image.png; name = Default.png; path = ../Default.png; sourceTree = "<group>"; };
		4DFAD7F314752D4E00416D38 /* icon72x72.png */ = {isa = PBXFileReference; lastKnownFileType = image.png; name = icon72x72.png; path = ../icon72x72.png; sourceTree = "<group>"; };
		4DFAD7F514752ECD00416D38 /* Default-Portrait~ipad.png */ = {isa = PBXFileReference; lastKnownFileType = image.png; name = "Default-Portrait~ipad.png"; path = "../Default-Portrait~ipad.png"; sourceTree = "<group>"; };
		4DFAD7F714752F0F00416D38 /* Default-Landscape~ipad.png */ = {isa = PBXFileReference; lastKnownFileType = image.png; name = "Default-Landscape~ipad.png"; path = "../Default-Landscape~ipad.png"; sourceTree = "<group>"; };
		4DFAD7F914753D7900416D38 /* battery_000.png */ = {isa = PBXFileReference; lastKnownFileType = image.png; name = battery_000.png; path = ../../artwork/battery_000.png; sourceTree = "<group>"; };
		4DFAD7FA14753D7900416D38 /* battery_100.png */ = {isa = PBXFileReference; lastKnownFileType = image.png; name = battery_100.png; path = ../../artwork/battery_100.png; sourceTree = "<group>"; };
		4DFAD8001475444A00416D38 /* crypto_md5.h */ = {isa = PBXFileReference; fileEncoding = 4; lastKnownFileType = sourcecode.c.h; path = crypto_md5.h; sourceTree = "<group>"; };
		4DFAD8011475445600416D38 /* crypto_md5.c */ = {isa = PBXFileReference; fileEncoding = 4; lastKnownFileType = sourcecode.c.c; path = crypto_md5.c; sourceTree = "<group>"; };
		4DFAD8031475446200416D38 /* crypto_base64.h */ = {isa = PBXFileReference; fileEncoding = 4; lastKnownFileType = sourcecode.c.h; path = crypto_base64.h; sourceTree = "<group>"; };
		4DFAD8041475446C00416D38 /* crypto_hmac.h */ = {isa = PBXFileReference; fileEncoding = 4; lastKnownFileType = sourcecode.c.h; path = crypto_hmac.h; sourceTree = "<group>"; };
		4DFAD8051475447600416D38 /* crypto_rc4.h */ = {isa = PBXFileReference; fileEncoding = 4; lastKnownFileType = sourcecode.c.h; path = crypto_rc4.h; sourceTree = "<group>"; };
		4DFAD8061475448000416D38 /* crypto_rc4.c */ = {isa = PBXFileReference; fileEncoding = 4; lastKnownFileType = sourcecode.c.c; path = crypto_rc4.c; sourceTree = "<group>"; };
		4DFAD8081475448A00416D38 /* crypto_hmac.c */ = {isa = PBXFileReference; fileEncoding = 4; lastKnownFileType = sourcecode.c.c; path = crypto_hmac.c; sourceTree = "<group>"; };
		4DFAD80A1475449600416D38 /* crypto_base64.c */ = {isa = PBXFileReference; fileEncoding = 4; lastKnownFileType = sourcecode.c.c; path = crypto_base64.c; sourceTree = "<group>"; };
		4DFAD80C1475455C00416D38 /* crypto.h */ = {isa = PBXFileReference; fileEncoding = 4; lastKnownFileType = sourcecode.c.h; path = crypto.h; sourceTree = "<group>"; };
/* End PBXFileReference section */

/* Begin PBXFrameworksBuildPhase section */
		4D5AE36114733757002F5F52 /* Frameworks */ = {
			isa = PBXFrameworksBuildPhase;
			buildActionMask = 2147483647;
			files = (
				4DBF3762149B7333002323B5 /* SystemConfiguration.framework in Frameworks */,
				4DE26E60147E7E3000E3161D /* CoreData.framework in Frameworks */,
				4D90410B147C787F00D9C8E1 /* CoreLocation.framework in Frameworks */,
				4D10FCF7147BCACD0092FAF9 /* Security.framework in Frameworks */,
				4D10FCF5147BCA0C0092FAF9 /* CFNetwork.framework in Frameworks */,
				4D91CF691473FE0900CBA435 /* MapKit.framework in Frameworks */,
				4D5AE36914733757002F5F52 /* UIKit.framework in Frameworks */,
				4D5AE36B14733757002F5F52 /* Foundation.framework in Frameworks */,
				4D5AE36D14733757002F5F52 /* CoreGraphics.framework in Frameworks */,
			);
			runOnlyForDeploymentPostprocessing = 0;
		};
		4D5AE38F14733758002F5F52 /* Frameworks */ = {
			isa = PBXFrameworksBuildPhase;
			buildActionMask = 2147483647;
			files = (
				4D5AE39514733758002F5F52 /* SenTestingKit.framework in Frameworks */,
				4D5AE39614733758002F5F52 /* UIKit.framework in Frameworks */,
				4D5AE39714733758002F5F52 /* Foundation.framework in Frameworks */,
			);
			runOnlyForDeploymentPostprocessing = 0;
		};
/* End PBXFrameworksBuildPhase section */

/* Begin PBXGroup section */
		4D5AE35914733757002F5F52 = {
			isa = PBXGroup;
			children = (
				4D5AE36E14733757002F5F52 /* ovms */,
				4D5AE39A14733758002F5F52 /* ovmsTests */,
				4D5AE36714733757002F5F52 /* Frameworks */,
				4D5AE36514733757002F5F52 /* Products */,
			);
			sourceTree = "<group>";
		};
		4D5AE36514733757002F5F52 /* Products */ = {
			isa = PBXGroup;
			children = (
				4D5AE36414733757002F5F52 /* Open Vehicle.app */,
				4D5AE39314733758002F5F52 /* Open VehicleTests.octest */,
			);
			name = Products;
			sourceTree = "<group>";
		};
		4D5AE36714733757002F5F52 /* Frameworks */ = {
			isa = PBXGroup;
			children = (
				4DBF3761149B7333002323B5 /* SystemConfiguration.framework */,
				4DE26E5F147E7E3000E3161D /* CoreData.framework */,
				4D90410A147C787F00D9C8E1 /* CoreLocation.framework */,
				4D10FCF6147BCACD0092FAF9 /* Security.framework */,
				4D10FCF4147BCA0B0092FAF9 /* CFNetwork.framework */,
				4D91CF681473FE0900CBA435 /* MapKit.framework */,
				4D5AE36814733757002F5F52 /* UIKit.framework */,
				4D5AE36A14733757002F5F52 /* Foundation.framework */,
				4D5AE36C14733757002F5F52 /* CoreGraphics.framework */,
				4D5AE39414733758002F5F52 /* SenTestingKit.framework */,
			);
			name = Frameworks;
			sourceTree = "<group>";
		};
		4D5AE36E14733757002F5F52 /* ovms */ = {
			isa = PBXGroup;
			children = (
				4D5AE37714733758002F5F52 /* ovmsAppDelegate.h */,
				4D5AE37814733758002F5F52 /* ovmsAppDelegate.m */,
				4DBF375E149B7312002323B5 /* Reachability.h */,
				4DBF375F149B7312002323B5 /* Reachability.m */,
				4D16EF30148747EC004A80AE /* JHNotificationManager.h */,
				4D16EF31148747EC004A80AE /* JHNotificationManager.m */,
				4D5AE37A14733758002F5F52 /* MainStoryboard_iPhone.storyboard */,
				4D5AE37D14733758002F5F52 /* MainStoryboard_iPad.storyboard */,
				4DFAD7FF1475435300416D38 /* Tabs */,
				4DFAD7FE1475434500416D38 /* Crypto */,
				4DE26E64147E83B800E3161D /* Data Model */,
				4DF754CA147F1D5B00C33AA4 /* Car Images */,
				4DF2FF1114981FB900E488F2 /* Car Outlines */,
				4D91CEF81473ECE500CBA435 /* Other Images */,
				4D5AE36F14733757002F5F52 /* Supporting Files */,
			);
			path = ovms;
			sourceTree = "<group>";
		};
		4D5AE36F14733757002F5F52 /* Supporting Files */ = {
			isa = PBXGroup;
			children = (
				4D04E2E6147E7695007CB190 /* Settings.bundle */,
				4D91CF091473F36000CBA435 /* 00-icons-license.txt */,
				4D5AE37014733757002F5F52 /* ovms-Info.plist */,
				4D5AE37114733757002F5F52 /* InfoPlist.strings */,
				4D5AE37414733757002F5F52 /* main.m */,
				4D5AE37614733758002F5F52 /* Open Vehicle-Prefix.pch */,
			);
			name = "Supporting Files";
			sourceTree = "<group>";
		};
		4D5AE39A14733758002F5F52 /* ovmsTests */ = {
			isa = PBXGroup;
			children = (
				4D5AE3A014733758002F5F52 /* ovmsTests.h */,
				4D5AE3A114733758002F5F52 /* ovmsTests.m */,
				4D5AE39B14733758002F5F52 /* Supporting Files */,
			);
			path = ovmsTests;
			sourceTree = "<group>";
		};
		4D5AE39B14733758002F5F52 /* Supporting Files */ = {
			isa = PBXGroup;
			children = (
				4D5AE39C14733758002F5F52 /* Open VehicleTests-Info.plist */,
				4D5AE39D14733758002F5F52 /* InfoPlist.strings */,
			);
			name = "Supporting Files";
			sourceTree = "<group>";
		};
		4D91CEF81473ECE500CBA435 /* Other Images */ = {
			isa = PBXGroup;
			children = (
				4DAB2C75149216C000E1098C /* carlock.png */,
				4DAB2C76149216C000E1098C /* carunlock.png */,
				4D6734BF1497927400F7919F /* roadster_outline.png */,
				4D6734BB1497898A00F7919F /* roadster_outline_ce.png */,
				4D6734B91497898100F7919F /* roadster_outline_cp.png */,
				4D6734B31497893F00F7919F /* roadster_outline_rd.png */,
				4D6734B51497895700F7919F /* roadster_outline_ld.png */,
				4D6734B71497896B00F7919F /* roadster_outline_hd.png */,
				4D6734B11497891E00F7919F /* roadster_outline_tr.png */,
				4D16EF3414874AE7004A80AE /* notification_background.png */,
				4DBB792D148270A50055769F /* connection_good.png */,
				4DBB792E148270A50055769F /* connection_bad.png */,
				4DBB792F148270A50055769F /* connection_unknown.png */,
				4D7439FB148F9CA400090BBA /* connection_unknown_paranoid.png */,
				4D7439F6148F961600090BBA /* connection_good_paranoid.png */,
				4D7439F7148F961600090BBA /* connection_bad_paranoid.png */,
				4DDA222E1476962700BA40AA /* teslapin.png */,
				4DFAD7F914753D7900416D38 /* battery_000.png */,
				4DFAD7FA14753D7900416D38 /* battery_100.png */,
				4D91CEFB1473F26D00CBA435 /* 49-battery.png */,
				4D91CEF91473F24500CBA435 /* 20-gear2.png */,
				4D91CF051473F2CC00CBA435 /* 81-dashboard.png */,
				4D91CEFD1473F27D00CBA435 /* 51-outlet.png */,
				4D91CF071473F33400CBA435 /* 193-location-arrow.png */,
				4D91CEFF1473F29400CBA435 /* 54-lock.png */,
				4D91CF031473F2BE00CBA435 /* 77-ekg.png */,
				4D91CF011473F2B500CBA435 /* 74-location.png */,
				4D5AE38314733758002F5F52 /* first.png */,
				4D5AE38514733758002F5F52 /* first@2x.png */,
				4D5AE38A14733758002F5F52 /* second.png */,
				4D5AE38C14733758002F5F52 /* second@2x.png */,
				4DFAD7FD1475430900416D38 /* Icons */,
			);
			name = "Other Images";
			sourceTree = "<group>";
		};
		4DE26E64147E83B800E3161D /* Data Model */ = {
			isa = PBXGroup;
			children = (
				4DC8B38A147E7BF2007FDFB2 /* Model.xcdatamodeld */,
				4DE26E61147E83AE00E3161D /* Cars.h */,
				4DE26E62147E83AE00E3161D /* Cars.m */,
			);
			name = "Data Model";
			sourceTree = "<group>";
		};
		4DF2FF1114981FB900E488F2 /* Car Outlines */ = {
			isa = PBXGroup;
			children = (
				4DF2FF2F1498253300E488F2 /* ol_car_models_anzabrown.png */,
				4DF2FF301498253300E488F2 /* ol_car_models_catalinawhite.png */,
				4DF2FF311498253300E488F2 /* ol_car_models_montereyblue.png */,
				4DF2FF321498253300E488F2 /* ol_car_models_sansimeonsilver.png */,
				4DF2FF331498253300E488F2 /* ol_car_models_sequolagreen.png */,
				4DF2FF341498253300E488F2 /* ol_car_models_shastapearlwhite.png */,
				4DF2FF351498253300E488F2 /* ol_car_models_sierrablack.png */,
				4DF2FF361498253300E488F2 /* ol_car_models_signaturered.png */,
				4DF2FF371498253300E488F2 /* ol_car_models_tiburongrey.png */,
				4DF2FF1214981FB900E488F2 /* ol_car_roadster_arcticwhite.png */,
				4DF2FF1314981FB900E488F2 /* ol_car_roadster_brilliantyellow.png */,
				4DF2FF1414981FB900E488F2 /* ol_car_roadster_electricblue.png */,
				4DF2FF1514981FB900E488F2 /* ol_car_roadster_fushionred.png */,
				4DF2FF1614981FB900E488F2 /* ol_car_roadster_glacierblue.png */,
				4DF2FF1714981FB900E488F2 /* ol_car_roadster_jetblack.png */,
				4DF2FF1814981FB900E488F2 /* ol_car_roadster_lightninggreen.png */,
				4DF2FF1914981FB900E488F2 /* ol_car_roadster_obsidianblack.png */,
				4DF2FF1A14981FB900E488F2 /* ol_car_roadster_racinggreen.png */,
				4DF2FF1B14981FB900E488F2 /* ol_car_roadster_radiantred.png */,
				4DF2FF1C14981FB900E488F2 /* ol_car_roadster_sterlingsilver.png */,
				4DF2FF1D14981FB900E488F2 /* ol_car_roadster_thundergray.png */,
				4DF2FF1E14981FB900E488F2 /* ol_car_roadster_twilightblue.png */,
				4DF2FF1F14981FB900E488F2 /* ol_car_roadster_veryorange.png */,
			);
			name = "Car Outlines";
			path = caroutlines;
			sourceTree = "<group>";
		};
		4DF754CA147F1D5B00C33AA4 /* Car Images */ = {
			isa = PBXGroup;
			children = (
				4DF754CB147F1D5C00C33AA4 /* car_models_anzabrown.png */,
				4DF754CC147F1D5C00C33AA4 /* car_models_catalinawhite.png */,
				4DF754CD147F1D5C00C33AA4 /* car_models_montereyblue.png */,
				4DF754CE147F1D5C00C33AA4 /* car_models_sansimeonsilver.png */,
				4DF754CF147F1D5C00C33AA4 /* car_models_sequolagreen.png */,
				4DF754D0147F1D5C00C33AA4 /* car_models_shastapearlwhite.png */,
				4DF754D1147F1D5C00C33AA4 /* car_models_sierrablack.png */,
				4DF754D2147F1D5C00C33AA4 /* car_models_signaturered.png */,
				4DF754D3147F1D5C00C33AA4 /* car_models_tiburongrey.png */,
				4DF754D4147F1D5C00C33AA4 /* car_roadster_arcticwhite.png */,
				4DF754D5147F1D5C00C33AA4 /* car_roadster_brilliantyellow.png */,
				4DF754D6147F1D5C00C33AA4 /* car_roadster_electricblue.png */,
				4DF754D7147F1D5C00C33AA4 /* car_roadster_fushionred.png */,
				4DF754D8147F1D5C00C33AA4 /* car_roadster_glacierblue.png */,
				4DF754D9147F1D5C00C33AA4 /* car_roadster_jetblack.png */,
				4DF754DA147F1D5C00C33AA4 /* car_roadster_lightninggreen.png */,
				4DF754DB147F1D5C00C33AA4 /* car_roadster_obsidianblack.png */,
				4DF754DC147F1D5C00C33AA4 /* car_roadster_racinggreen.png */,
				4DF754DD147F1D5C00C33AA4 /* car_roadster_radiantred.png */,
				4DF754DE147F1D5C00C33AA4 /* car_roadster_sterlingsilver.png */,
				4DF754DF147F1D5C00C33AA4 /* car_roadster_thundergray.png */,
				4DF754E0147F1D5C00C33AA4 /* car_roadster_twilightblue.png */,
				4DF754E1147F1D5C00C33AA4 /* car_roadster_veryorange.png */,
			);
			name = "Car Images";
			path = carimages;
			sourceTree = "<group>";
		};
		4DFAD7FD1475430900416D38 /* Icons */ = {
			isa = PBXGroup;
			children = (
				4DFAD7F714752F0F00416D38 /* Default-Landscape~ipad.png */,
				4DFAD7F514752ECD00416D38 /* Default-Portrait~ipad.png */,
				4DFAD7EF14752CFB00416D38 /* Default.png */,
				4DFAD7F314752D4E00416D38 /* icon72x72.png */,
				4DFAD7ED14752BA100416D38 /* icon114x114.png */,
				4DFAD7EA14752B8800416D38 /* Icon.png */,
			);
			name = Icons;
			sourceTree = "<group>";
		};
		4DFAD7FE1475434500416D38 /* Crypto */ = {
			isa = PBXGroup;
			children = (
				4D10FCF1147BC9AA0092FAF9 /* GCDAsyncSocket.h */,
				4D10FCF2147BC9AA0092FAF9 /* GCDAsyncSocket.m */,
				4DFAD80C1475455C00416D38 /* crypto.h */,
				4DFAD8001475444A00416D38 /* crypto_md5.h */,
				4DFAD8011475445600416D38 /* crypto_md5.c */,
				4DFAD8031475446200416D38 /* crypto_base64.h */,
				4DFAD80A1475449600416D38 /* crypto_base64.c */,
				4DFAD8041475446C00416D38 /* crypto_hmac.h */,
				4DFAD8081475448A00416D38 /* crypto_hmac.c */,
				4DFAD8051475447600416D38 /* crypto_rc4.h */,
				4DFAD8061475448000416D38 /* crypto_rc4.c */,
			);
			name = Crypto;
			sourceTree = "<group>";
		};
		4DFAD7FF1475435300416D38 /* Tabs */ = {
			isa = PBXGroup;
			children = (
				4D91CEF21473EBEA00CBA435 /* ovmsStatusViewController.h */,
				4D91CEF31473EBEA00CBA435 /* ovmsStatusViewController.m */,
				4DAB2C7014920DB600E1098C /* ovmsBodyViewController.h */,
				4DAB2C731492109C00E1098C /* ovmsBodyViewController.m */,
				4D91CEF51473EBFA00CBA435 /* ovmsLocationViewController.h */,
				4D91CEF61473EBFA00CBA435 /* ovmsLocationViewController.m */,
				4D0A96AD14939616000B74FC /* ovmsStatusViewControllerPad.h */,
				4D0A96AE14939616000B74FC /* ovmsStatusViewControllerPad.m */,
				4DAD5323147D301C00949EE8 /* ovmsCarsTableViewController.h */,
				4DAD5324147D301C00949EE8 /* ovmsCarsTableViewController.m */,
				4DAD532A147D317300949EE8 /* ovmsCarsFormViewController.h */,
				4DAD532B147D317300949EE8 /* ovmsCarsFormViewController.m */,
			);
			name = Tabs;
			sourceTree = "<group>";
		};
/* End PBXGroup section */

/* Begin PBXNativeTarget section */
		4D5AE36314733757002F5F52 /* Open Vehicle */ = {
			isa = PBXNativeTarget;
			buildConfigurationList = 4D5AE3A514733758002F5F52 /* Build configuration list for PBXNativeTarget "Open Vehicle" */;
			buildPhases = (
				4D5AE36014733757002F5F52 /* Sources */,
				4D5AE36114733757002F5F52 /* Frameworks */,
				4D5AE36214733757002F5F52 /* Resources */,
			);
			buildRules = (
			);
			dependencies = (
			);
			name = "Open Vehicle";
			productName = ovms;
			productReference = 4D5AE36414733757002F5F52 /* Open Vehicle.app */;
			productType = "com.apple.product-type.application";
		};
		4D5AE39214733758002F5F52 /* Open VehicleTests */ = {
			isa = PBXNativeTarget;
			buildConfigurationList = 4D5AE3A814733758002F5F52 /* Build configuration list for PBXNativeTarget "Open VehicleTests" */;
			buildPhases = (
				4D5AE38E14733758002F5F52 /* Sources */,
				4D5AE38F14733758002F5F52 /* Frameworks */,
				4D5AE39014733758002F5F52 /* Resources */,
				4D5AE39114733758002F5F52 /* ShellScript */,
			);
			buildRules = (
			);
			dependencies = (
				4D5AE39914733758002F5F52 /* PBXTargetDependency */,
			);
			name = "Open VehicleTests";
			productName = ovmsTests;
			productReference = 4D5AE39314733758002F5F52 /* Open VehicleTests.octest */;
			productType = "com.apple.product-type.bundle";
		};
/* End PBXNativeTarget section */

/* Begin PBXProject section */
		4D5AE35B14733757002F5F52 /* Project object */ = {
			isa = PBXProject;
			attributes = {
				LastUpgradeCheck = 0420;
				ORGANIZATIONNAME = "Open Vehicle Systems";
			};
			buildConfigurationList = 4D5AE35E14733757002F5F52 /* Build configuration list for PBXProject "Open Vehicle" */;
			compatibilityVersion = "Xcode 3.2";
			developmentRegion = English;
			hasScannedForEncodings = 0;
			knownRegions = (
				en,
			);
			mainGroup = 4D5AE35914733757002F5F52;
			productRefGroup = 4D5AE36514733757002F5F52 /* Products */;
			projectDirPath = "";
			projectRoot = "";
			targets = (
				4D5AE36314733757002F5F52 /* Open Vehicle */,
				4D5AE39214733758002F5F52 /* Open VehicleTests */,
			);
		};
/* End PBXProject section */

/* Begin PBXResourcesBuildPhase section */
		4D5AE36214733757002F5F52 /* Resources */ = {
			isa = PBXResourcesBuildPhase;
			buildActionMask = 2147483647;
			files = (
				4D5AE37314733757002F5F52 /* InfoPlist.strings in Resources */,
				4D5AE37C14733758002F5F52 /* MainStoryboard_iPhone.storyboard in Resources */,
				4D5AE37F14733758002F5F52 /* MainStoryboard_iPad.storyboard in Resources */,
				4D5AE38414733758002F5F52 /* first.png in Resources */,
				4D5AE38614733758002F5F52 /* first@2x.png in Resources */,
				4D5AE38B14733758002F5F52 /* second.png in Resources */,
				4D5AE38D14733758002F5F52 /* second@2x.png in Resources */,
				4D91CEFA1473F24500CBA435 /* 20-gear2.png in Resources */,
				4D91CEFC1473F26D00CBA435 /* 49-battery.png in Resources */,
				4D91CEFE1473F27D00CBA435 /* 51-outlet.png in Resources */,
				4D91CF001473F29400CBA435 /* 54-lock.png in Resources */,
				4D91CF021473F2B500CBA435 /* 74-location.png in Resources */,
				4D91CF041473F2BE00CBA435 /* 77-ekg.png in Resources */,
				4D91CF061473F2CC00CBA435 /* 81-dashboard.png in Resources */,
				4D91CF081473F33400CBA435 /* 193-location-arrow.png in Resources */,
				4D91CF0A1473F36000CBA435 /* 00-icons-license.txt in Resources */,
				4DFAD7EB14752B8800416D38 /* Icon.png in Resources */,
				4DFAD7EE14752BA100416D38 /* icon114x114.png in Resources */,
				4DFAD7F014752CFB00416D38 /* Default.png in Resources */,
				4DFAD7F414752D4F00416D38 /* icon72x72.png in Resources */,
				4DFAD7F614752ECD00416D38 /* Default-Portrait~ipad.png in Resources */,
				4DFAD7F814752F0F00416D38 /* Default-Landscape~ipad.png in Resources */,
				4DFAD7FB14753D7900416D38 /* battery_000.png in Resources */,
				4DFAD7FC14753D7900416D38 /* battery_100.png in Resources */,
				4DDA222F1476962700BA40AA /* teslapin.png in Resources */,
				4D04E2E7147E7695007CB190 /* Settings.bundle in Resources */,
				4DF754E2147F1D5C00C33AA4 /* car_models_anzabrown.png in Resources */,
				4DF754E3147F1D5C00C33AA4 /* car_models_catalinawhite.png in Resources */,
				4DF754E4147F1D5C00C33AA4 /* car_models_montereyblue.png in Resources */,
				4DF754E5147F1D5C00C33AA4 /* car_models_sansimeonsilver.png in Resources */,
				4DF754E6147F1D5C00C33AA4 /* car_models_sequolagreen.png in Resources */,
				4DF754E7147F1D5C00C33AA4 /* car_models_shastapearlwhite.png in Resources */,
				4DF754E8147F1D5C00C33AA4 /* car_models_sierrablack.png in Resources */,
				4DF754E9147F1D5C00C33AA4 /* car_models_signaturered.png in Resources */,
				4DF754EA147F1D5C00C33AA4 /* car_models_tiburongrey.png in Resources */,
				4DF754EB147F1D5C00C33AA4 /* car_roadster_arcticwhite.png in Resources */,
				4DF754EC147F1D5C00C33AA4 /* car_roadster_brilliantyellow.png in Resources */,
				4DF754ED147F1D5C00C33AA4 /* car_roadster_electricblue.png in Resources */,
				4DF754EE147F1D5C00C33AA4 /* car_roadster_fushionred.png in Resources */,
				4DF754EF147F1D5C00C33AA4 /* car_roadster_glacierblue.png in Resources */,
				4DF754F0147F1D5C00C33AA4 /* car_roadster_jetblack.png in Resources */,
				4DF754F1147F1D5C00C33AA4 /* car_roadster_lightninggreen.png in Resources */,
				4DF754F2147F1D5C00C33AA4 /* car_roadster_obsidianblack.png in Resources */,
				4DF754F3147F1D5C00C33AA4 /* car_roadster_racinggreen.png in Resources */,
				4DF754F4147F1D5C00C33AA4 /* car_roadster_radiantred.png in Resources */,
				4DF754F5147F1D5C00C33AA4 /* car_roadster_sterlingsilver.png in Resources */,
				4DF754F6147F1D5C00C33AA4 /* car_roadster_thundergray.png in Resources */,
				4DF754F7147F1D5C00C33AA4 /* car_roadster_twilightblue.png in Resources */,
				4DF754F8147F1D5C00C33AA4 /* car_roadster_veryorange.png in Resources */,
				4DBB7930148270A50055769F /* connection_good.png in Resources */,
				4DBB7931148270A50055769F /* connection_bad.png in Resources */,
				4DBB7932148270A50055769F /* connection_unknown.png in Resources */,
				4D16EF3514874AE7004A80AE /* notification_background.png in Resources */,
				4D7439F8148F961600090BBA /* connection_good_paranoid.png in Resources */,
				4D7439F9148F961600090BBA /* connection_bad_paranoid.png in Resources */,
				4D7439FC148F9CA400090BBA /* connection_unknown_paranoid.png in Resources */,
				4DAB2C77149216C000E1098C /* carlock.png in Resources */,
				4DAB2C78149216C000E1098C /* carunlock.png in Resources */,
				4D6734B21497891E00F7919F /* roadster_outline_tr.png in Resources */,
				4D6734B41497893F00F7919F /* roadster_outline_rd.png in Resources */,
				4D6734B61497895700F7919F /* roadster_outline_ld.png in Resources */,
				4D6734B81497896B00F7919F /* roadster_outline_hd.png in Resources */,
				4D6734BA1497898100F7919F /* roadster_outline_cp.png in Resources */,
				4D6734BC1497898A00F7919F /* roadster_outline_ce.png in Resources */,
				4D6734C01497927500F7919F /* roadster_outline.png in Resources */,
				4DF2FF2014981FB900E488F2 /* ol_car_roadster_arcticwhite.png in Resources */,
				4DF2FF2114981FB900E488F2 /* ol_car_roadster_brilliantyellow.png in Resources */,
				4DF2FF2214981FB900E488F2 /* ol_car_roadster_electricblue.png in Resources */,
				4DF2FF2314981FB900E488F2 /* ol_car_roadster_fushionred.png in Resources */,
				4DF2FF2414981FB900E488F2 /* ol_car_roadster_glacierblue.png in Resources */,
				4DF2FF2514981FB900E488F2 /* ol_car_roadster_jetblack.png in Resources */,
				4DF2FF2614981FB900E488F2 /* ol_car_roadster_lightninggreen.png in Resources */,
				4DF2FF2714981FB900E488F2 /* ol_car_roadster_obsidianblack.png in Resources */,
				4DF2FF2814981FB900E488F2 /* ol_car_roadster_racinggreen.png in Resources */,
				4DF2FF2914981FB900E488F2 /* ol_car_roadster_radiantred.png in Resources */,
				4DF2FF2A14981FB900E488F2 /* ol_car_roadster_sterlingsilver.png in Resources */,
				4DF2FF2B14981FB900E488F2 /* ol_car_roadster_thundergray.png in Resources */,
				4DF2FF2C14981FB900E488F2 /* ol_car_roadster_twilightblue.png in Resources */,
				4DF2FF2D14981FB900E488F2 /* ol_car_roadster_veryorange.png in Resources */,
				4DF2FF381498253300E488F2 /* ol_car_models_anzabrown.png in Resources */,
				4DF2FF391498253300E488F2 /* ol_car_models_catalinawhite.png in Resources */,
				4DF2FF3A1498253300E488F2 /* ol_car_models_montereyblue.png in Resources */,
				4DF2FF3B1498253300E488F2 /* ol_car_models_sansimeonsilver.png in Resources */,
				4DF2FF3C1498253300E488F2 /* ol_car_models_sequolagreen.png in Resources */,
				4DF2FF3D1498253300E488F2 /* ol_car_models_shastapearlwhite.png in Resources */,
				4DF2FF3E1498253300E488F2 /* ol_car_models_sierrablack.png in Resources */,
				4DF2FF3F1498253300E488F2 /* ol_car_models_signaturered.png in Resources */,
				4DF2FF401498253300E488F2 /* ol_car_models_tiburongrey.png in Resources */,
			);
			runOnlyForDeploymentPostprocessing = 0;
		};
		4D5AE39014733758002F5F52 /* Resources */ = {
			isa = PBXResourcesBuildPhase;
			buildActionMask = 2147483647;
			files = (
				4D5AE39F14733758002F5F52 /* InfoPlist.strings in Resources */,
			);
			runOnlyForDeploymentPostprocessing = 0;
		};
/* End PBXResourcesBuildPhase section */

/* Begin PBXShellScriptBuildPhase section */
		4D5AE39114733758002F5F52 /* ShellScript */ = {
			isa = PBXShellScriptBuildPhase;
			buildActionMask = 2147483647;
			files = (
			);
			inputPaths = (
			);
			outputPaths = (
			);
			runOnlyForDeploymentPostprocessing = 0;
			shellPath = /bin/sh;
			shellScript = "# Run the unit tests in this test bundle.\n\"${SYSTEM_DEVELOPER_DIR}/Tools/RunUnitTests\"\n";
		};
/* End PBXShellScriptBuildPhase section */

/* Begin PBXSourcesBuildPhase section */
		4D5AE36014733757002F5F52 /* Sources */ = {
			isa = PBXSourcesBuildPhase;
			buildActionMask = 2147483647;
			files = (
				4D5AE37514733757002F5F52 /* main.m in Sources */,
				4D5AE37914733758002F5F52 /* ovmsAppDelegate.m in Sources */,
				4D91CEF41473EBEA00CBA435 /* ovmsStatusViewController.m in Sources */,
				4D91CEF71473EBFA00CBA435 /* ovmsLocationViewController.m in Sources */,
				4DFAD8021475445600416D38 /* crypto_md5.c in Sources */,
				4DFAD8071475448000416D38 /* crypto_rc4.c in Sources */,
				4DFAD8091475448A00416D38 /* crypto_hmac.c in Sources */,
				4DFAD80B1475449600416D38 /* crypto_base64.c in Sources */,
				4D10FCF3147BC9AA0092FAF9 /* GCDAsyncSocket.m in Sources */,
				4DAD5325147D301C00949EE8 /* ovmsCarsTableViewController.m in Sources */,
				4DAD532C147D317300949EE8 /* ovmsCarsFormViewController.m in Sources */,
				4DC8B38C147E7BF2007FDFB2 /* Model.xcdatamodeld in Sources */,
				4DE26E63147E83AE00E3161D /* Cars.m in Sources */,
				4D16EF32148747EC004A80AE /* JHNotificationManager.m in Sources */,
				4DAB2C741492109C00E1098C /* ovmsBodyViewController.m in Sources */,
				4D0A96AF14939616000B74FC /* ovmsStatusViewControllerPad.m in Sources */,
				4DBF3760149B7312002323B5 /* Reachability.m in Sources */,
			);
			runOnlyForDeploymentPostprocessing = 0;
		};
		4D5AE38E14733758002F5F52 /* Sources */ = {
			isa = PBXSourcesBuildPhase;
			buildActionMask = 2147483647;
			files = (
				4D5AE3A214733758002F5F52 /* ovmsTests.m in Sources */,
			);
			runOnlyForDeploymentPostprocessing = 0;
		};
/* End PBXSourcesBuildPhase section */

/* Begin PBXTargetDependency section */
		4D5AE39914733758002F5F52 /* PBXTargetDependency */ = {
			isa = PBXTargetDependency;
			target = 4D5AE36314733757002F5F52 /* Open Vehicle */;
			targetProxy = 4D5AE39814733758002F5F52 /* PBXContainerItemProxy */;
		};
/* End PBXTargetDependency section */

/* Begin PBXVariantGroup section */
		4D5AE37114733757002F5F52 /* InfoPlist.strings */ = {
			isa = PBXVariantGroup;
			children = (
				4D5AE37214733757002F5F52 /* en */,
			);
			name = InfoPlist.strings;
			sourceTree = "<group>";
		};
		4D5AE37A14733758002F5F52 /* MainStoryboard_iPhone.storyboard */ = {
			isa = PBXVariantGroup;
			children = (
				4D5AE37B14733758002F5F52 /* en */,
			);
			name = MainStoryboard_iPhone.storyboard;
			sourceTree = "<group>";
		};
		4D5AE37D14733758002F5F52 /* MainStoryboard_iPad.storyboard */ = {
			isa = PBXVariantGroup;
			children = (
				4D5AE37E14733758002F5F52 /* en */,
			);
			name = MainStoryboard_iPad.storyboard;
			sourceTree = "<group>";
		};
		4D5AE39D14733758002F5F52 /* InfoPlist.strings */ = {
			isa = PBXVariantGroup;
			children = (
				4D5AE39E14733758002F5F52 /* en */,
			);
			name = InfoPlist.strings;
			sourceTree = "<group>";
		};
/* End PBXVariantGroup section */

/* Begin XCBuildConfiguration section */
		4D29A7F01485EFE60088122F /* Adhoc Release */ = {
			isa = XCBuildConfiguration;
			buildSettings = {
				ALWAYS_SEARCH_USER_PATHS = NO;
				ARCHS = "$(ARCHS_STANDARD_32_BIT)";
				CLANG_ENABLE_OBJC_ARC = YES;
				CODE_SIGN_IDENTITY = "iPhone Distribution: Mark Webb-Johnson";
				"CODE_SIGN_IDENTITY[sdk=iphoneos*]" = "iPhone Distribution: Mark Webb-Johnson";
				COPY_PHASE_STRIP = YES;
				GCC_C_LANGUAGE_STANDARD = gnu99;
				GCC_VERSION = com.apple.compilers.llvm.clang.1_0;
				GCC_WARN_ABOUT_MISSING_PROTOTYPES = YES;
				GCC_WARN_ABOUT_RETURN_TYPE = YES;
				GCC_WARN_UNUSED_VARIABLE = YES;
				IPHONEOS_DEPLOYMENT_TARGET = 5.0;
				OTHER_CFLAGS = "-DNS_BLOCK_ASSERTIONS=1";
				PROVISIONING_PROFILE = "39FD1127-57A0-470C-89B7-30714C143F54";
				"PROVISIONING_PROFILE[sdk=iphoneos*]" = "39FD1127-57A0-470C-89B7-30714C143F54";
				SDKROOT = iphoneos;
				TARGETED_DEVICE_FAMILY = "1,2";
				VALIDATE_PRODUCT = YES;
			};
			name = "Adhoc Release";
		};
		4D29A7F11485EFE60088122F /* Adhoc Release */ = {
			isa = XCBuildConfiguration;
			buildSettings = {
				GCC_PRECOMPILE_PREFIX_HEADER = YES;
				GCC_PREFIX_HEADER = "ovms/Open Vehicle-Prefix.pch";
				INFOPLIST_FILE = "ovms/ovms-Info.plist";
				PRODUCT_NAME = "Open Vehicle";
				WRAPPER_EXTENSION = app;
			};
			name = "Adhoc Release";
		};
		4D29A7F21485EFE60088122F /* Adhoc Release */ = {
			isa = XCBuildConfiguration;
			buildSettings = {
				BUNDLE_LOADER = "$(BUILT_PRODUCTS_DIR)/ovms.app/ovms";
				FRAMEWORK_SEARCH_PATHS = (
					"$(SDKROOT)/Developer/Library/Frameworks",
					"$(DEVELOPER_LIBRARY_DIR)/Frameworks",
				);
				GCC_PRECOMPILE_PREFIX_HEADER = YES;
				GCC_PREFIX_HEADER = "ovms/ovms-Prefix.pch";
				INFOPLIST_FILE = "ovmsTests/Open VehicleTests-Info.plist";
				PRODUCT_NAME = "Open VehicleTests";
				TEST_HOST = "$(BUNDLE_LOADER)";
				WRAPPER_EXTENSION = octest;
			};
			name = "Adhoc Release";
		};
		4D29A7F31485EFEE0088122F /* AppStore Release */ = {
			isa = XCBuildConfiguration;
			buildSettings = {
				ALWAYS_SEARCH_USER_PATHS = NO;
				ARCHS = "$(ARCHS_STANDARD_32_BIT)";
				CLANG_ENABLE_OBJC_ARC = YES;
				CODE_SIGN_IDENTITY = "iPhone Distribution: Mark Webb-Johnson";
				"CODE_SIGN_IDENTITY[sdk=iphoneos*]" = "iPhone Distribution: Mark Webb-Johnson";
				COPY_PHASE_STRIP = YES;
				GCC_C_LANGUAGE_STANDARD = gnu99;
				GCC_VERSION = com.apple.compilers.llvm.clang.1_0;
				GCC_WARN_ABOUT_MISSING_PROTOTYPES = YES;
				GCC_WARN_ABOUT_RETURN_TYPE = YES;
				GCC_WARN_UNUSED_VARIABLE = YES;
				IPHONEOS_DEPLOYMENT_TARGET = 5.0;
				OTHER_CFLAGS = "-DNS_BLOCK_ASSERTIONS=1";
				PROVISIONING_PROFILE = "39FD1127-57A0-470C-89B7-30714C143F54";
				"PROVISIONING_PROFILE[sdk=iphoneos*]" = "39FD1127-57A0-470C-89B7-30714C143F54";
				SDKROOT = iphoneos;
				TARGETED_DEVICE_FAMILY = "1,2";
				VALIDATE_PRODUCT = YES;
			};
			name = "AppStore Release";
		};
		4D29A7F41485EFEE0088122F /* AppStore Release */ = {
			isa = XCBuildConfiguration;
			buildSettings = {
				GCC_PRECOMPILE_PREFIX_HEADER = YES;
				GCC_PREFIX_HEADER = "ovms/Open Vehicle-Prefix.pch";
				INFOPLIST_FILE = "ovms/ovms-Info.plist";
				PRODUCT_NAME = "Open Vehicle";
				WRAPPER_EXTENSION = app;
			};
			name = "AppStore Release";
		};
		4D29A7F51485EFEE0088122F /* AppStore Release */ = {
			isa = XCBuildConfiguration;
			buildSettings = {
				BUNDLE_LOADER = "$(BUILT_PRODUCTS_DIR)/ovms.app/ovms";
				FRAMEWORK_SEARCH_PATHS = (
					"$(SDKROOT)/Developer/Library/Frameworks",
					"$(DEVELOPER_LIBRARY_DIR)/Frameworks",
				);
				GCC_PRECOMPILE_PREFIX_HEADER = YES;
				GCC_PREFIX_HEADER = "ovms/ovms-Prefix.pch";
				INFOPLIST_FILE = "ovmsTests/Open VehicleTests-Info.plist";
				PRODUCT_NAME = "Open VehicleTests";
				TEST_HOST = "$(BUNDLE_LOADER)";
				WRAPPER_EXTENSION = octest;
			};
			name = "AppStore Release";
		};
		4D5AE3A314733758002F5F52 /* Debug */ = {
			isa = XCBuildConfiguration;
			buildSettings = {
				ALWAYS_SEARCH_USER_PATHS = NO;
				ARCHS = "$(ARCHS_STANDARD_32_BIT)";
				CLANG_ENABLE_OBJC_ARC = YES;
				CODE_SIGN_IDENTITY = "iPhone Developer";
				"CODE_SIGN_IDENTITY[sdk=iphoneos*]" = "iPhone Developer";
				COPY_PHASE_STRIP = NO;
				GCC_C_LANGUAGE_STANDARD = gnu99;
				GCC_DYNAMIC_NO_PIC = NO;
				GCC_OPTIMIZATION_LEVEL = 0;
				GCC_PREPROCESSOR_DEFINITIONS = (
					"DEBUG=1",
					"$(inherited)",
				);
				GCC_SYMBOLS_PRIVATE_EXTERN = NO;
				GCC_VERSION = com.apple.compilers.llvm.clang.1_0;
				GCC_WARN_ABOUT_MISSING_PROTOTYPES = YES;
				GCC_WARN_ABOUT_RETURN_TYPE = YES;
				GCC_WARN_UNUSED_VARIABLE = YES;
				IPHONEOS_DEPLOYMENT_TARGET = 5.0;
				PROVISIONING_PROFILE = "";
				"PROVISIONING_PROFILE[sdk=iphoneos*]" = "";
				SDKROOT = iphoneos;
				TARGETED_DEVICE_FAMILY = "1,2";
			};
			name = Debug;
		};
		4D5AE3A614733758002F5F52 /* Debug */ = {
			isa = XCBuildConfiguration;
			buildSettings = {
				GCC_PRECOMPILE_PREFIX_HEADER = YES;
				GCC_PREFIX_HEADER = "ovms/Open Vehicle-Prefix.pch";
				INFOPLIST_FILE = "ovms/ovms-Info.plist";
				PRODUCT_NAME = "Open Vehicle";
				WRAPPER_EXTENSION = app;
			};
			name = Debug;
		};
		4D5AE3A914733758002F5F52 /* Debug */ = {
			isa = XCBuildConfiguration;
			buildSettings = {
				BUNDLE_LOADER = "$(BUILT_PRODUCTS_DIR)/ovms.app/ovms";
				FRAMEWORK_SEARCH_PATHS = (
					"$(SDKROOT)/Developer/Library/Frameworks",
					"$(DEVELOPER_LIBRARY_DIR)/Frameworks",
				);
				GCC_PRECOMPILE_PREFIX_HEADER = YES;
				GCC_PREFIX_HEADER = "ovms/ovms-Prefix.pch";
				INFOPLIST_FILE = "ovmsTests/Open VehicleTests-Info.plist";
				PRODUCT_NAME = "Open VehicleTests";
				TEST_HOST = "$(BUNDLE_LOADER)";
				WRAPPER_EXTENSION = octest;
			};
			name = Debug;
		};
/* End XCBuildConfiguration section */

/* Begin XCConfigurationList section */
		4D5AE35E14733757002F5F52 /* Build configuration list for PBXProject "Open Vehicle" */ = {
			isa = XCConfigurationList;
			buildConfigurations = (
				4D5AE3A314733758002F5F52 /* Debug */,
				4D29A7F31485EFEE0088122F /* AppStore Release */,
				4D29A7F01485EFE60088122F /* Adhoc Release */,
			);
			defaultConfigurationIsVisible = 0;
			defaultConfigurationName = Debug;
		};
		4D5AE3A514733758002F5F52 /* Build configuration list for PBXNativeTarget "Open Vehicle" */ = {
			isa = XCConfigurationList;
			buildConfigurations = (
				4D5AE3A614733758002F5F52 /* Debug */,
				4D29A7F41485EFEE0088122F /* AppStore Release */,
				4D29A7F11485EFE60088122F /* Adhoc Release */,
			);
			defaultConfigurationIsVisible = 0;
			defaultConfigurationName = Debug;
		};
		4D5AE3A814733758002F5F52 /* Build configuration list for PBXNativeTarget "Open VehicleTests" */ = {
			isa = XCConfigurationList;
			buildConfigurations = (
				4D5AE3A914733758002F5F52 /* Debug */,
				4D29A7F51485EFEE0088122F /* AppStore Release */,
				4D29A7F21485EFE60088122F /* Adhoc Release */,
			);
			defaultConfigurationIsVisible = 0;
			defaultConfigurationName = Debug;
		};
/* End XCConfigurationList section */

/* Begin XCVersionGroup section */
		4DC8B38A147E7BF2007FDFB2 /* Model.xcdatamodeld */ = {
			isa = XCVersionGroup;
			children = (
				4DC8B38B147E7BF2007FDFB2 /* Model.xcdatamodel */,
			);
			currentVersion = 4DC8B38B147E7BF2007FDFB2 /* Model.xcdatamodel */;
			name = Model.xcdatamodeld;
			path = ../Model.xcdatamodeld;
			sourceTree = "<group>";
			versionGroupType = wrapper.xcdatamodel;
		};
/* End XCVersionGroup section */
	};
	rootObject = 4D5AE35B14733757002F5F52 /* Project object */;
}
